
Microsoft Visual Studio Solution File, Format Version 12.00
# Visual Studio 14
VisualStudioVersion = 14.0.22512.0
MinimumVisualStudioVersion = 10.0.40219.1
Project("{2150E333-8FDC-42A3-9474-1A3956D46DE8}") = ".nuget", ".nuget", "{0E906932-1F80-441F-B6BB-AD94E8A3E133}"
	ProjectSection(SolutionItems) = preProject
		.nuget\packages.config = .nuget\packages.config
	EndProjectSection
EndProject
Project("{FAE04EC0-301F-11D3-BF4B-00C04F79EFBC}") = "AsyncAwaitAnalyzer.Verification", "AsyncAwaitAnalyzer.Verification\AsyncAwaitAnalyzer.Verification.csproj", "{44C74072-5EE8-496C-ACCE-BA9590E6B9C4}"
EndProject
Project("{FAE04EC0-301F-11D3-BF4B-00C04F79EFBC}") = "AsyncAwaitAnalyzer.Verification.ClassLib", "AsyncAwaitAnalyzer.Verification.ClassLib\AsyncAwaitAnalyzer.Verification.ClassLib.csproj", "{00D469D4-7B09-406A-9409-CD6748BCE818}"
EndProject
Project("{FAE04EC0-301F-11D3-BF4B-00C04F79EFBC}") = "AsyncAwaitAnalyzer.Verification.WpfApp", "AsyncAwaitAnalyzer.Verification.WpfApp\AsyncAwaitAnalyzer.Verification.WpfApp.csproj", "{4CFEB406-32C0-4275-BCB3-2D689922C74B}"
EndProject
Global
	GlobalSection(SolutionConfigurationPlatforms) = preSolution
		Debug|Any CPU = Debug|Any CPU
		Release|Any CPU = Release|Any CPU
	EndGlobalSection
	GlobalSection(ProjectConfigurationPlatforms) = postSolution
		{44C74072-5EE8-496C-ACCE-BA9590E6B9C4}.Debug|Any CPU.ActiveCfg = Debug|Any CPU
		{44C74072-5EE8-496C-ACCE-BA9590E6B9C4}.Debug|Any CPU.Build.0 = Debug|Any CPU
		{44C74072-5EE8-496C-ACCE-BA9590E6B9C4}.Release|Any CPU.ActiveCfg = Release|Any CPU
		{44C74072-5EE8-496C-ACCE-BA9590E6B9C4}.Release|Any CPU.Build.0 = Release|Any CPU
		{00D469D4-7B09-406A-9409-CD6748BCE818}.Debug|Any CPU.ActiveCfg = Debug|Any CPU
		{00D469D4-7B09-406A-9409-CD6748BCE818}.Debug|Any CPU.Build.0 = Debug|Any CPU
		{00D469D4-7B09-406A-9409-CD6748BCE818}.Release|Any CPU.ActiveCfg = Release|Any CPU
		{00D469D4-7B09-406A-9409-CD6748BCE818}.Release|Any CPU.Build.0 = Release|Any CPU
		{4CFEB406-32C0-4275-BCB3-2D689922C74B}.Debug|Any CPU.ActiveCfg = Debug|Any CPU
		{4CFEB406-32C0-4275-BCB3-2D689922C74B}.Debug|Any CPU.Build.0 = Debug|Any CPU
		{4CFEB406-32C0-4275-BCB3-2D689922C74B}.Release|Any CPU.ActiveCfg = Release|Any CPU
		{4CFEB406-32C0-4275-BCB3-2D689922C74B}.Release|Any CPU.Build.0 = Release|Any CPU
	EndGlobalSection
	GlobalSection(SolutionProperties) = preSolution
		HideSolutionNode = FALSE
	EndGlobalSection
EndGlobal
